
Microsoft Visual Studio Solution File, Format Version 12.00
# Visual Studio 15
VisualStudioVersion = 15.0.28010.2036
MinimumVisualStudioVersion = 10.0.40219.1
Project("{8BC9CEB8-8B4A-11D0-8D11-00A0C91BC942}") = "ConsoleApplication1", "ConsoleApplication1\ConsoleApplication1.vcxproj", "{8AF4128D-B358-477B-8BFA-1BF6D5F7A967}"
EndProject
Global
	GlobalSection(SolutionConfigurationPlatforms) = preSolution
		Debug|x64 = Debug|x64
		Debug|x86 = Debug|x86
		Release|x64 = Release|x64
		Release|x86 = Release|x86
	EndGlobalSection
	GlobalSection(ProjectConfigurationPlatforms) = postSolution
		{8AF4128D-B358-477B-8BFA-1BF6D5F7A967}.Debug|x64.ActiveCfg = Debug|x64
		{8AF4128D-B358-477B-8BFA-1BF6D5F7A967}.Debug|x64.Build.0 = Debug|x64
		{8AF4128D-B358-477B-8BFA-1BF6D5F7A967}.Debug|x86.ActiveCfg = Debug|Win32
		{8AF4128D-B358-477B-8BFA-1BF6D5F7A967}.Debug|x86.Build.0 = Debug|Win32
		{8AF4128D-B358-477B-8BFA-1BF6D5F7A967}.Release|x64.ActiveCfg = Release|x64
		{8AF4128D-B358-477B-8BFA-1BF6D5F7A967}.Release|x64.Build.0 = Release|x64
		{8AF4128D-B358-477B-8BFA-1BF6D5F7A967}.Release|x86.ActiveCfg = Release|Win32
		{8AF4128D-B358-477B-8BFA-1BF6D5F7A967}.Release|x86.Build.0 = Release|Win32
	EndGlobalSection
	GlobalSection(SolutionProperties) = preSolution
		HideSolutionNode = FALSE
	EndGlobalSection
	GlobalSection(ExtensibilityGlobals) = postSolution
		SolutionGuid = {D0FD2857-B66B-4297-8B52-50A2B2BD57ED}
	EndGlobalSection
EndGlobal
